
Microsoft Visual Studio Solution File, Format Version 12.00
# Visual Studio Version 17
VisualStudioVersion = 17.3.32825.248
MinimumVisualStudioVersion = 10.0.40219.1
Project("{FAE04EC0-301F-11D3-BF4B-00C04F79EFBC}") = "Arneg-Server", "Arneg-Server\Arneg-Server.csproj", "{6CC43971-F49C-4FAF-8863-5F6CB338DD12}"
EndProject
Global
	GlobalSection(SolutionConfigurationPlatforms) = preSolution
		Debug|Any CPU = Debug|Any CPU
		Release|Any CPU = Release|Any CPU
	EndGlobalSection
	GlobalSection(ProjectConfigurationPlatforms) = postSolution
		{6CC43971-F49C-4FAF-8863-5F6CB338DD12}.Debug|Any CPU.ActiveCfg = Debug|Any CPU
		{6CC43971-F49C-4FAF-8863-5F6CB338DD12}.Debug|Any CPU.Build.0 = Debug|Any CPU
		{6CC43971-F49C-4FAF-8863-5F6CB338DD12}.Release|Any CPU.ActiveCfg = Release|Any CPU
		{6CC43971-F49C-4FAF-8863-5F6CB338DD12}.Release|Any CPU.Build.0 = Release|Any CPU
	EndGlobalSection
	GlobalSection(SolutionProperties) = preSolution
		HideSolutionNode = FALSE
	EndGlobalSection
	GlobalSection(ExtensibilityGlobals) = postSolution
		SolutionGuid = {CC58ABB0-3A9C-4472-B5D3-F4B696EDBF44}
	EndGlobalSection
EndGlobal
